
Microsoft Visual Studio Solution File, Format Version 12.00
# Visual Studio 2013
VisualStudioVersion = 12.0.40629.0
MinimumVisualStudioVersion = 10.0.40219.1
Project("{2150E333-8FDC-42A3-9474-1A3956D46DE8}") = "Solution Items", "Solution Items", "{665DB625-BBFD-4E61-89F5-76E9347E9E66}"
	ProjectSection(SolutionItems) = preProject
		..\LICENSE.md = ..\LICENSE.md
		..\README.md = ..\README.md
	EndProjectSection
EndProject
Project("{FAE04EC0-301F-11D3-BF4B-00C04F79EFBC}") = "i18n", "i18n\i18n.csproj", "{E7A9BBA3-8A95-492C-8806-4DE63C1DBA06}"
EndProject
Project("{FAE04EC0-301F-11D3-BF4B-00C04F79EFBC}") = "i18n.PostBuild", "i18n.PostBuild\i18n.PostBuild.csproj", "{9BE8E007-C6B8-43F7-83D2-E89F51EF8614}"
EndProject
Project("{FAE04EC0-301F-11D3-BF4B-00C04F79EFBC}") = "i18n.Tests", "i18n.Tests\i18n.Tests.csproj", "{EA15ECE8-9513-4290-9438-6F70D288BBDD}"
EndProject
Project("{FAE04EC0-301F-11D3-BF4B-00C04F79EFBC}") = "i18n.Domain", "i18n.Domain\i18n.Domain.csproj", "{BC2104AB-DC34-45B3-AB4D-3035F11FBDB8}"
EndProject
Project("{FAE04EC0-301F-11D3-BF4B-00C04F79EFBC}") = "i18n.Domain.Tests", "i18n.Domain.Tests\i18n.Domain.Tests.csproj", "{546A36C4-49B6-4CA9-AFE8-62629DE1E322}"
EndProject
Project("{FAE04EC0-301F-11D3-BF4B-00C04F79EFBC}") = "i18n.POTGenerator", "i18n.POTGenerator\i18n.POTGenerator.csproj", "{CF0086A6-BE5F-462F-A735-B91686C20C6B}"
EndProject
Project("{FAE04EC0-301F-11D3-BF4B-00C04F79EFBC}") = "i18n.Adapter.OwinSystemWeb", "i18n.Adapter.OwinSystemWeb\i18n.Adapter.OwinSystemWeb.csproj", "{785DE89F-4F74-4FAF-ADF6-E43749DF1D76}"
EndProject
Global
	GlobalSection(SolutionConfigurationPlatforms) = preSolution
		Debug|Any CPU = Debug|Any CPU
		Debug|Mixed Platforms = Debug|Mixed Platforms
		Debug|x86 = Debug|x86
		Release|Any CPU = Release|Any CPU
		Release|Mixed Platforms = Release|Mixed Platforms
		Release|x86 = Release|x86
	EndGlobalSection
	GlobalSection(ProjectConfigurationPlatforms) = postSolution
		{E7A9BBA3-8A95-492C-8806-4DE63C1DBA06}.Debug|Any CPU.ActiveCfg = Debug|Any CPU
		{E7A9BBA3-8A95-492C-8806-4DE63C1DBA06}.Debug|Any CPU.Build.0 = Debug|Any CPU
		{E7A9BBA3-8A95-492C-8806-4DE63C1DBA06}.Debug|Mixed Platforms.ActiveCfg = Debug|Any CPU
		{E7A9BBA3-8A95-492C-8806-4DE63C1DBA06}.Debug|Mixed Platforms.Build.0 = Debug|Any CPU
		{E7A9BBA3-8A95-492C-8806-4DE63C1DBA06}.Debug|x86.ActiveCfg = Debug|Any CPU
		{E7A9BBA3-8A95-492C-8806-4DE63C1DBA06}.Release|Any CPU.ActiveCfg = Release|Any CPU
		{E7A9BBA3-8A95-492C-8806-4DE63C1DBA06}.Release|Any CPU.Build.0 = Release|Any CPU
		{E7A9BBA3-8A95-492C-8806-4DE63C1DBA06}.Release|Mixed Platforms.ActiveCfg = Release|Any CPU
		{E7A9BBA3-8A95-492C-8806-4DE63C1DBA06}.Release|Mixed Platforms.Build.0 = Release|Any CPU
		{E7A9BBA3-8A95-492C-8806-4DE63C1DBA06}.Release|x86.ActiveCfg = Release|Any CPU
		{9BE8E007-C6B8-43F7-83D2-E89F51EF8614}.Debug|Any CPU.ActiveCfg = Debug|Any CPU
		{9BE8E007-C6B8-43F7-83D2-E89F51EF8614}.Debug|Any CPU.Build.0 = Debug|Any CPU
		{9BE8E007-C6B8-43F7-83D2-E89F51EF8614}.Debug|Mixed Platforms.ActiveCfg = Debug|Any CPU
		{9BE8E007-C6B8-43F7-83D2-E89F51EF8614}.Debug|Mixed Platforms.Build.0 = Debug|Any CPU
		{9BE8E007-C6B8-43F7-83D2-E89F51EF8614}.Debug|x86.ActiveCfg = Debug|x86
		{9BE8E007-C6B8-43F7-83D2-E89F51EF8614}.Debug|x86.Build.0 = Debug|x86
		{9BE8E007-C6B8-43F7-83D2-E89F51EF8614}.Release|Any CPU.ActiveCfg = Release|Any CPU
		{9BE8E007-C6B8-43F7-83D2-E89F51EF8614}.Release|Any CPU.Build.0 = Release|Any CPU
		{9BE8E007-C6B8-43F7-83D2-E89F51EF8614}.Release|Mixed Platforms.ActiveCfg = Release|x86
		{9BE8E007-C6B8-43F7-83D2-E89F51EF8614}.Release|Mixed Platforms.Build.0 = Release|x86
		{9BE8E007-C6B8-43F7-83D2-E89F51EF8614}.Release|x86.ActiveCfg = Release|x86
		{9BE8E007-C6B8-43F7-83D2-E89F51EF8614}.Release|x86.Build.0 = Release|x86
		{EA15ECE8-9513-4290-9438-6F70D288BBDD}.Debug|Any CPU.ActiveCfg = Debug|Any CPU
		{EA15ECE8-9513-4290-9438-6F70D288BBDD}.Debug|Any CPU.Build.0 = Debug|Any CPU
		{EA15ECE8-9513-4290-9438-6F70D288BBDD}.Debug|Mixed Platforms.ActiveCfg = Debug|Any CPU
		{EA15ECE8-9513-4290-9438-6F70D288BBDD}.Debug|Mixed Platforms.Build.0 = Debug|Any CPU
		{EA15ECE8-9513-4290-9438-6F70D288BBDD}.Debug|x86.ActiveCfg = Debug|Any CPU
		{EA15ECE8-9513-4290-9438-6F70D288BBDD}.Release|Any CPU.ActiveCfg = Release|Any CPU
		{EA15ECE8-9513-4290-9438-6F70D288BBDD}.Release|Any CPU.Build.0 = Release|Any CPU
		{EA15ECE8-9513-4290-9438-6F70D288BBDD}.Release|Mixed Platforms.ActiveCfg = Release|Any CPU
		{EA15ECE8-9513-4290-9438-6F70D288BBDD}.Release|Mixed Platforms.Build.0 = Release|Any CPU
		{EA15ECE8-9513-4290-9438-6F70D288BBDD}.Release|x86.ActiveCfg = Release|Any CPU
		{BC2104AB-DC34-45B3-AB4D-3035F11FBDB8}.Debug|Any CPU.ActiveCfg = Debug|Any CPU
		{BC2104AB-DC34-45B3-AB4D-3035F11FBDB8}.Debug|Any CPU.Build.0 = Debug|Any CPU
		{BC2104AB-DC34-45B3-AB4D-3035F11FBDB8}.Debug|Mixed Platforms.ActiveCfg = Debug|Any CPU
		{BC2104AB-DC34-45B3-AB4D-3035F11FBDB8}.Debug|Mixed Platforms.Build.0 = Debug|Any CPU
		{BC2104AB-DC34-45B3-AB4D-3035F11FBDB8}.Debug|x86.ActiveCfg = Debug|Any CPU
		{BC2104AB-DC34-45B3-AB4D-3035F11FBDB8}.Release|Any CPU.ActiveCfg = Release|Any CPU
		{BC2104AB-DC34-45B3-AB4D-3035F11FBDB8}.Release|Any CPU.Build.0 = Release|Any CPU
		{BC2104AB-DC34-45B3-AB4D-3035F11FBDB8}.Release|Mixed Platforms.ActiveCfg = Release|Any CPU
		{BC2104AB-DC34-45B3-AB4D-3035F11FBDB8}.Release|Mixed Platforms.Build.0 = Release|Any CPU
		{BC2104AB-DC34-45B3-AB4D-3035F11FBDB8}.Release|x86.ActiveCfg = Release|Any CPU
		{546A36C4-49B6-4CA9-AFE8-62629DE1E322}.Debug|Any CPU.ActiveCfg = Debug|Any CPU
		{546A36C4-49B6-4CA9-AFE8-62629DE1E322}.Debug|Any CPU.Build.0 = Debug|Any CPU
		{546A36C4-49B6-4CA9-AFE8-62629DE1E322}.Debug|Mixed Platforms.ActiveCfg = Debug|Any CPU
		{546A36C4-49B6-4CA9-AFE8-62629DE1E322}.Debug|Mixed Platforms.Build.0 = Debug|Any CPU
		{546A36C4-49B6-4CA9-AFE8-62629DE1E322}.Debug|x86.ActiveCfg = Debug|Any CPU
		{546A36C4-49B6-4CA9-AFE8-62629DE1E322}.Release|Any CPU.ActiveCfg = Release|Any CPU
		{546A36C4-49B6-4CA9-AFE8-62629DE1E322}.Release|Any CPU.Build.0 = Release|Any CPU
		{546A36C4-49B6-4CA9-AFE8-62629DE1E322}.Release|Mixed Platforms.ActiveCfg = Release|Any CPU
		{546A36C4-49B6-4CA9-AFE8-62629DE1E322}.Release|Mixed Platforms.Build.0 = Release|Any CPU
		{546A36C4-49B6-4CA9-AFE8-62629DE1E322}.Release|x86.ActiveCfg = Release|Any CPU
		{CF0086A6-BE5F-462F-A735-B91686C20C6B}.Debug|Any CPU.ActiveCfg = Debug|Any CPU
		{CF0086A6-BE5F-462F-A735-B91686C20C6B}.Debug|Any CPU.Build.0 = Debug|Any CPU
		{CF0086A6-BE5F-462F-A735-B91686C20C6B}.Debug|Mixed Platforms.ActiveCfg = Debug|Any CPU
		{CF0086A6-BE5F-462F-A735-B91686C20C6B}.Debug|Mixed Platforms.Build.0 = Debug|Any CPU
		{CF0086A6-BE5F-462F-A735-B91686C20C6B}.Debug|x86.ActiveCfg = Debug|Any CPU
		{CF0086A6-BE5F-462F-A735-B91686C20C6B}.Release|Any CPU.ActiveCfg = Release|Any CPU
		{CF0086A6-BE5F-462F-A735-B91686C20C6B}.Release|Any CPU.Build.0 = Release|Any CPU
		{CF0086A6-BE5F-462F-A735-B91686C20C6B}.Release|Mixed Platforms.ActiveCfg = Release|Any CPU
		{CF0086A6-BE5F-462F-A735-B91686C20C6B}.Release|Mixed Platforms.Build.0 = Release|Any CPU
		{CF0086A6-BE5F-462F-A735-B91686C20C6B}.Release|x86.ActiveCfg = Release|Any CPU
		{785DE89F-4F74-4FAF-ADF6-E43749DF1D76}.Debug|Any CPU.ActiveCfg = Debug|Any CPU
		{785DE89F-4F74-4FAF-ADF6-E43749DF1D76}.Debug|Any CPU.Build.0 = Debug|Any CPU
		{785DE89F-4F74-4FAF-ADF6-E43749DF1D76}.Debug|Mixed Platforms.ActiveCfg = Debug|Any CPU
		{785DE89F-4F74-4FAF-ADF6-E43749DF1D76}.Debug|Mixed Platforms.Build.0 = Debug|Any CPU
		{785DE89F-4F74-4FAF-ADF6-E43749DF1D76}.Debug|x86.ActiveCfg = Debug|Any CPU
		{785DE89F-4F74-4FAF-ADF6-E43749DF1D76}.Release|Any CPU.ActiveCfg = Release|Any CPU
		{785DE89F-4F74-4FAF-ADF6-E43749DF1D76}.Release|Any CPU.Build.0 = Release|Any CPU
		{785DE89F-4F74-4FAF-ADF6-E43749DF1D76}.Release|Mixed Platforms.ActiveCfg = Release|Any CPU
		{785DE89F-4F74-4FAF-ADF6-E43749DF1D76}.Release|Mixed Platforms.Build.0 = Release|Any CPU
		{785DE89F-4F74-4FAF-ADF6-E43749DF1D76}.Release|x86.ActiveCfg = Release|Any CPU
	EndGlobalSection
	GlobalSection(SolutionProperties) = preSolution
		HideSolutionNode = FALSE
	EndGlobalSection
EndGlobal
