
Microsoft Visual Studio Solution File, Format Version 12.00
# Visual Studio 2012
Project("{FAE04EC0-301F-11D3-BF4B-00C04F79EFBC}") = "i18n", "i18n\i18n.csproj", "{E7A9BBA3-8A95-492C-8806-4DE63C1DBA06}"
EndProject
Project("{2150E333-8FDC-42A3-9474-1A3956D46DE8}") = "Solution Items", "Solution Items", "{665DB625-BBFD-4E61-89F5-76E9347E9E66}"
	ProjectSection(SolutionItems) = preProject
		..\i18n.nuspec = ..\i18n.nuspec
		..\LICENSE.md = ..\LICENSE.md
		..\pack-nuget.bat = ..\pack-nuget.bat
		..\push-nuget.bat = ..\push-nuget.bat
		..\README.md = ..\README.md
	EndProjectSection
EndProject
Project("{FAE04EC0-301F-11D3-BF4B-00C04F79EFBC}") = "i18n.PostBuild", "i18n.PostBuild\i18n.PostBuild.csproj", "{9BE8E007-C6B8-43F7-83D2-E89F51EF8614}"
EndProject
Project("{FAE04EC0-301F-11D3-BF4B-00C04F79EFBC}") = "i18n.Tests", "i18n.Tests\i18n.Tests.csproj", "{EA15ECE8-9513-4290-9438-6F70D288BBDD}"
EndProject
Project("{2150E333-8FDC-42A3-9474-1A3956D46DE8}") = "Examples", "Examples", "{2FF21CC4-D33E-4A0F-A1A3-B604571D47B8}"
EndProject
Project("{FAE04EC0-301F-11D3-BF4B-00C04F79EFBC}") = "i18n.Demo.MVC4", "i18n.Demo.MVC4\i18n.Demo.MVC4.csproj", "{BDF14899-6C45-42E1-A082-A4E0E5DA0F36}"
EndProject
Project("{FAE04EC0-301F-11D3-BF4B-00C04F79EFBC}") = "i18n.MVC3", "i18n.MVC3\i18n.MVC3.csproj", "{83841C25-A06E-4760-9407-92E445F16EA5}"
EndProject
Project("{FAE04EC0-301F-11D3-BF4B-00C04F79EFBC}") = "i18n.MVC4", "i18n.MVC4\i18n.MVC4.csproj", "{6164A297-9111-4D8A-9889-B4B6C02BC387}"
EndProject
Project("{FAE04EC0-301F-11D3-BF4B-00C04F79EFBC}") = "i18n.Demo.MVC3", "i18n.Demo.MVC3\i18n.Demo.MVC3.csproj", "{D48F5932-EB24-4C78-B1C3-6229EBC28E02}"
EndProject
Global
	GlobalSection(SolutionConfigurationPlatforms) = preSolution
		Debug|Any CPU = Debug|Any CPU
		Debug|Mixed Platforms = Debug|Mixed Platforms
		Debug|x86 = Debug|x86
		Release|Any CPU = Release|Any CPU
		Release|Mixed Platforms = Release|Mixed Platforms
		Release|x86 = Release|x86
	EndGlobalSection
	GlobalSection(ProjectConfigurationPlatforms) = postSolution
		{E7A9BBA3-8A95-492C-8806-4DE63C1DBA06}.Debug|Any CPU.ActiveCfg = Debug|Any CPU
		{E7A9BBA3-8A95-492C-8806-4DE63C1DBA06}.Debug|Any CPU.Build.0 = Debug|Any CPU
		{E7A9BBA3-8A95-492C-8806-4DE63C1DBA06}.Debug|Mixed Platforms.ActiveCfg = Debug|Any CPU
		{E7A9BBA3-8A95-492C-8806-4DE63C1DBA06}.Debug|Mixed Platforms.Build.0 = Debug|Any CPU
		{E7A9BBA3-8A95-492C-8806-4DE63C1DBA06}.Debug|x86.ActiveCfg = Debug|Any CPU
		{E7A9BBA3-8A95-492C-8806-4DE63C1DBA06}.Release|Any CPU.ActiveCfg = Release|Any CPU
		{E7A9BBA3-8A95-492C-8806-4DE63C1DBA06}.Release|Any CPU.Build.0 = Release|Any CPU
		{E7A9BBA3-8A95-492C-8806-4DE63C1DBA06}.Release|Mixed Platforms.ActiveCfg = Release|Any CPU
		{E7A9BBA3-8A95-492C-8806-4DE63C1DBA06}.Release|Mixed Platforms.Build.0 = Release|Any CPU
		{E7A9BBA3-8A95-492C-8806-4DE63C1DBA06}.Release|x86.ActiveCfg = Release|Any CPU
		{9BE8E007-C6B8-43F7-83D2-E89F51EF8614}.Debug|Any CPU.ActiveCfg = Debug|x86
		{9BE8E007-C6B8-43F7-83D2-E89F51EF8614}.Debug|Mixed Platforms.ActiveCfg = Debug|Any CPU
		{9BE8E007-C6B8-43F7-83D2-E89F51EF8614}.Debug|Mixed Platforms.Build.0 = Debug|Any CPU
		{9BE8E007-C6B8-43F7-83D2-E89F51EF8614}.Debug|x86.ActiveCfg = Debug|x86
		{9BE8E007-C6B8-43F7-83D2-E89F51EF8614}.Debug|x86.Build.0 = Debug|x86
		{9BE8E007-C6B8-43F7-83D2-E89F51EF8614}.Release|Any CPU.ActiveCfg = Release|x86
		{9BE8E007-C6B8-43F7-83D2-E89F51EF8614}.Release|Mixed Platforms.ActiveCfg = Release|x86
		{9BE8E007-C6B8-43F7-83D2-E89F51EF8614}.Release|Mixed Platforms.Build.0 = Release|x86
		{9BE8E007-C6B8-43F7-83D2-E89F51EF8614}.Release|x86.ActiveCfg = Release|x86
		{9BE8E007-C6B8-43F7-83D2-E89F51EF8614}.Release|x86.Build.0 = Release|x86
		{EA15ECE8-9513-4290-9438-6F70D288BBDD}.Debug|Any CPU.ActiveCfg = Debug|Any CPU
		{EA15ECE8-9513-4290-9438-6F70D288BBDD}.Debug|Any CPU.Build.0 = Debug|Any CPU
		{EA15ECE8-9513-4290-9438-6F70D288BBDD}.Debug|Mixed Platforms.ActiveCfg = Debug|Any CPU
		{EA15ECE8-9513-4290-9438-6F70D288BBDD}.Debug|Mixed Platforms.Build.0 = Debug|Any CPU
		{EA15ECE8-9513-4290-9438-6F70D288BBDD}.Debug|x86.ActiveCfg = Debug|Any CPU
		{EA15ECE8-9513-4290-9438-6F70D288BBDD}.Release|Any CPU.ActiveCfg = Release|Any CPU
		{EA15ECE8-9513-4290-9438-6F70D288BBDD}.Release|Any CPU.Build.0 = Release|Any CPU
		{EA15ECE8-9513-4290-9438-6F70D288BBDD}.Release|Mixed Platforms.ActiveCfg = Release|Any CPU
		{EA15ECE8-9513-4290-9438-6F70D288BBDD}.Release|Mixed Platforms.Build.0 = Release|Any CPU
		{EA15ECE8-9513-4290-9438-6F70D288BBDD}.Release|x86.ActiveCfg = Release|Any CPU
		{BDF14899-6C45-42E1-A082-A4E0E5DA0F36}.Debug|Any CPU.ActiveCfg = Debug|Any CPU
		{BDF14899-6C45-42E1-A082-A4E0E5DA0F36}.Debug|Any CPU.Build.0 = Debug|Any CPU
		{BDF14899-6C45-42E1-A082-A4E0E5DA0F36}.Debug|Mixed Platforms.ActiveCfg = Debug|Any CPU
		{BDF14899-6C45-42E1-A082-A4E0E5DA0F36}.Debug|Mixed Platforms.Build.0 = Debug|Any CPU
		{BDF14899-6C45-42E1-A082-A4E0E5DA0F36}.Debug|x86.ActiveCfg = Debug|Any CPU
		{BDF14899-6C45-42E1-A082-A4E0E5DA0F36}.Release|Any CPU.ActiveCfg = Release|Any CPU
		{BDF14899-6C45-42E1-A082-A4E0E5DA0F36}.Release|Any CPU.Build.0 = Release|Any CPU
		{BDF14899-6C45-42E1-A082-A4E0E5DA0F36}.Release|Mixed Platforms.ActiveCfg = Release|Any CPU
		{BDF14899-6C45-42E1-A082-A4E0E5DA0F36}.Release|Mixed Platforms.Build.0 = Release|Any CPU
		{BDF14899-6C45-42E1-A082-A4E0E5DA0F36}.Release|x86.ActiveCfg = Release|Any CPU
		{83841C25-A06E-4760-9407-92E445F16EA5}.Debug|Any CPU.ActiveCfg = Debug|Any CPU
		{83841C25-A06E-4760-9407-92E445F16EA5}.Debug|Any CPU.Build.0 = Debug|Any CPU
		{83841C25-A06E-4760-9407-92E445F16EA5}.Debug|Mixed Platforms.ActiveCfg = Debug|Any CPU
		{83841C25-A06E-4760-9407-92E445F16EA5}.Debug|Mixed Platforms.Build.0 = Debug|Any CPU
		{83841C25-A06E-4760-9407-92E445F16EA5}.Debug|x86.ActiveCfg = Debug|Any CPU
		{83841C25-A06E-4760-9407-92E445F16EA5}.Release|Any CPU.ActiveCfg = Release|Any CPU
		{83841C25-A06E-4760-9407-92E445F16EA5}.Release|Any CPU.Build.0 = Release|Any CPU
		{83841C25-A06E-4760-9407-92E445F16EA5}.Release|Mixed Platforms.ActiveCfg = Release|Any CPU
		{83841C25-A06E-4760-9407-92E445F16EA5}.Release|Mixed Platforms.Build.0 = Release|Any CPU
		{83841C25-A06E-4760-9407-92E445F16EA5}.Release|x86.ActiveCfg = Release|Any CPU
		{6164A297-9111-4D8A-9889-B4B6C02BC387}.Debug|Any CPU.ActiveCfg = Debug|Any CPU
		{6164A297-9111-4D8A-9889-B4B6C02BC387}.Debug|Any CPU.Build.0 = Debug|Any CPU
		{6164A297-9111-4D8A-9889-B4B6C02BC387}.Debug|Mixed Platforms.ActiveCfg = Debug|Any CPU
		{6164A297-9111-4D8A-9889-B4B6C02BC387}.Debug|Mixed Platforms.Build.0 = Debug|Any CPU
		{6164A297-9111-4D8A-9889-B4B6C02BC387}.Debug|x86.ActiveCfg = Debug|Any CPU
		{6164A297-9111-4D8A-9889-B4B6C02BC387}.Release|Any CPU.ActiveCfg = Release|Any CPU
		{6164A297-9111-4D8A-9889-B4B6C02BC387}.Release|Any CPU.Build.0 = Release|Any CPU
		{6164A297-9111-4D8A-9889-B4B6C02BC387}.Release|Mixed Platforms.ActiveCfg = Release|Any CPU
		{6164A297-9111-4D8A-9889-B4B6C02BC387}.Release|Mixed Platforms.Build.0 = Release|Any CPU
		{6164A297-9111-4D8A-9889-B4B6C02BC387}.Release|x86.ActiveCfg = Release|Any CPU
		{D48F5932-EB24-4C78-B1C3-6229EBC28E02}.Debug|Any CPU.ActiveCfg = Debug|Any CPU
		{D48F5932-EB24-4C78-B1C3-6229EBC28E02}.Debug|Any CPU.Build.0 = Debug|Any CPU
		{D48F5932-EB24-4C78-B1C3-6229EBC28E02}.Debug|Mixed Platforms.ActiveCfg = Debug|Any CPU
		{D48F5932-EB24-4C78-B1C3-6229EBC28E02}.Debug|Mixed Platforms.Build.0 = Debug|Any CPU
		{D48F5932-EB24-4C78-B1C3-6229EBC28E02}.Debug|x86.ActiveCfg = Debug|Any CPU
		{D48F5932-EB24-4C78-B1C3-6229EBC28E02}.Release|Any CPU.ActiveCfg = Release|Any CPU
		{D48F5932-EB24-4C78-B1C3-6229EBC28E02}.Release|Any CPU.Build.0 = Release|Any CPU
		{D48F5932-EB24-4C78-B1C3-6229EBC28E02}.Release|Mixed Platforms.ActiveCfg = Release|Any CPU
		{D48F5932-EB24-4C78-B1C3-6229EBC28E02}.Release|Mixed Platforms.Build.0 = Release|Any CPU
		{D48F5932-EB24-4C78-B1C3-6229EBC28E02}.Release|x86.ActiveCfg = Release|Any CPU
	EndGlobalSection
	GlobalSection(SolutionProperties) = preSolution
		HideSolutionNode = FALSE
	EndGlobalSection
	GlobalSection(NestedProjects) = preSolution
		{BDF14899-6C45-42E1-A082-A4E0E5DA0F36} = {2FF21CC4-D33E-4A0F-A1A3-B604571D47B8}
		{D48F5932-EB24-4C78-B1C3-6229EBC28E02} = {2FF21CC4-D33E-4A0F-A1A3-B604571D47B8}
	EndGlobalSection
EndGlobal
