
Microsoft Visual Studio Solution File, Format Version 11.00
# Visual Studio 2010
Project("{FAE04EC0-301F-11D3-BF4B-00C04F79EFBC}") = "i18n", "i18n\i18n.csproj", "{E7A9BBA3-8A95-492C-8806-4DE63C1DBA06}"
EndProject
Project("{2150E333-8FDC-42A3-9474-1A3956D46DE8}") = "Solution Items", "Solution Items", "{665DB625-BBFD-4E61-89F5-76E9347E9E66}"
	ProjectSection(SolutionItems) = preProject
		..\i18n.nuspec = ..\i18n.nuspec
		..\LICENSE = ..\LICENSE
		..\pack-nuget.bat = ..\pack-nuget.bat
		..\README.markdown = ..\README.markdown
	EndProjectSection
EndProject
Project("{FAE04EC0-301F-11D3-BF4B-00C04F79EFBC}") = "i18n.PostBuild", "i18n.PostBuild\i18n.PostBuild.csproj", "{9BE8E007-C6B8-43F7-83D2-E89F51EF8614}"
EndProject
Project("{FAE04EC0-301F-11D3-BF4B-00C04F79EFBC}") = "i18n.Tests", "i18n.Tests\i18n.Tests.csproj", "{EA15ECE8-9513-4290-9438-6F70D288BBDD}"
EndProject
Global
	GlobalSection(SolutionConfigurationPlatforms) = preSolution
		Debug|Any CPU = Debug|Any CPU
		Debug|Mixed Platforms = Debug|Mixed Platforms
		Debug|x86 = Debug|x86
		Release|Any CPU = Release|Any CPU
		Release|Mixed Platforms = Release|Mixed Platforms
		Release|x86 = Release|x86
	EndGlobalSection
	GlobalSection(ProjectConfigurationPlatforms) = postSolution
		{E7A9BBA3-8A95-492C-8806-4DE63C1DBA06}.Debug|Any CPU.ActiveCfg = Debug|Any CPU
		{E7A9BBA3-8A95-492C-8806-4DE63C1DBA06}.Debug|Any CPU.Build.0 = Debug|Any CPU
		{E7A9BBA3-8A95-492C-8806-4DE63C1DBA06}.Debug|Mixed Platforms.ActiveCfg = Debug|Any CPU
		{E7A9BBA3-8A95-492C-8806-4DE63C1DBA06}.Debug|Mixed Platforms.Build.0 = Debug|Any CPU
		{E7A9BBA3-8A95-492C-8806-4DE63C1DBA06}.Debug|x86.ActiveCfg = Debug|Any CPU
		{E7A9BBA3-8A95-492C-8806-4DE63C1DBA06}.Release|Any CPU.ActiveCfg = Release|Any CPU
		{E7A9BBA3-8A95-492C-8806-4DE63C1DBA06}.Release|Any CPU.Build.0 = Release|Any CPU
		{E7A9BBA3-8A95-492C-8806-4DE63C1DBA06}.Release|Mixed Platforms.ActiveCfg = Release|Any CPU
		{E7A9BBA3-8A95-492C-8806-4DE63C1DBA06}.Release|Mixed Platforms.Build.0 = Release|Any CPU
		{E7A9BBA3-8A95-492C-8806-4DE63C1DBA06}.Release|x86.ActiveCfg = Release|Any CPU
		{9BE8E007-C6B8-43F7-83D2-E89F51EF8614}.Debug|Any CPU.ActiveCfg = Debug|x86
		{9BE8E007-C6B8-43F7-83D2-E89F51EF8614}.Debug|Mixed Platforms.ActiveCfg = Debug|x86
		{9BE8E007-C6B8-43F7-83D2-E89F51EF8614}.Debug|Mixed Platforms.Build.0 = Debug|x86
		{9BE8E007-C6B8-43F7-83D2-E89F51EF8614}.Debug|x86.ActiveCfg = Debug|x86
		{9BE8E007-C6B8-43F7-83D2-E89F51EF8614}.Debug|x86.Build.0 = Debug|x86
		{9BE8E007-C6B8-43F7-83D2-E89F51EF8614}.Release|Any CPU.ActiveCfg = Release|x86
		{9BE8E007-C6B8-43F7-83D2-E89F51EF8614}.Release|Mixed Platforms.ActiveCfg = Release|x86
		{9BE8E007-C6B8-43F7-83D2-E89F51EF8614}.Release|Mixed Platforms.Build.0 = Release|x86
		{9BE8E007-C6B8-43F7-83D2-E89F51EF8614}.Release|x86.ActiveCfg = Release|x86
		{9BE8E007-C6B8-43F7-83D2-E89F51EF8614}.Release|x86.Build.0 = Release|x86
		{EA15ECE8-9513-4290-9438-6F70D288BBDD}.Debug|Any CPU.ActiveCfg = Debug|Any CPU
		{EA15ECE8-9513-4290-9438-6F70D288BBDD}.Debug|Any CPU.Build.0 = Debug|Any CPU
		{EA15ECE8-9513-4290-9438-6F70D288BBDD}.Debug|Mixed Platforms.ActiveCfg = Debug|Any CPU
		{EA15ECE8-9513-4290-9438-6F70D288BBDD}.Debug|Mixed Platforms.Build.0 = Debug|Any CPU
		{EA15ECE8-9513-4290-9438-6F70D288BBDD}.Debug|x86.ActiveCfg = Debug|Any CPU
		{EA15ECE8-9513-4290-9438-6F70D288BBDD}.Release|Any CPU.ActiveCfg = Release|Any CPU
		{EA15ECE8-9513-4290-9438-6F70D288BBDD}.Release|Any CPU.Build.0 = Release|Any CPU
		{EA15ECE8-9513-4290-9438-6F70D288BBDD}.Release|Mixed Platforms.ActiveCfg = Release|Any CPU
		{EA15ECE8-9513-4290-9438-6F70D288BBDD}.Release|Mixed Platforms.Build.0 = Release|Any CPU
		{EA15ECE8-9513-4290-9438-6F70D288BBDD}.Release|x86.ActiveCfg = Release|Any CPU
	EndGlobalSection
	GlobalSection(SolutionProperties) = preSolution
		HideSolutionNode = FALSE
	EndGlobalSection
EndGlobal
